
Microsoft Visual Studio Solution File, Format Version 12.00
# Visual Studio Version 17
VisualStudioVersion = 17.13.35931.197 d17.13
MinimumVisualStudioVersion = 10.0.40219.1
Project("{FAE04EC0-301F-11D3-BF4B-00C04F79EFBC}") = "MovieNetwork", "MovieNetwork\MovieNetwork.csproj", "{7A974B8E-6C40-499F-952B-BE1AA179AA76}"
EndProject
Global
	GlobalSection(SolutionConfigurationPlatforms) = preSolution
		Debug|Any CPU = Debug|Any CPU
		Release|Any CPU = Release|Any CPU
	EndGlobalSection
	GlobalSection(ProjectConfigurationPlatforms) = postSolution
		{7A974B8E-6C40-499F-952B-BE1AA179AA76}.Debug|Any CPU.ActiveCfg = Debug|Any CPU
		{7A974B8E-6C40-499F-952B-BE1AA179AA76}.Debug|Any CPU.Build.0 = Debug|Any CPU
		{7A974B8E-6C40-499F-952B-BE1AA179AA76}.Release|Any CPU.ActiveCfg = Release|Any CPU
		{7A974B8E-6C40-499F-952B-BE1AA179AA76}.Release|Any CPU.Build.0 = Release|Any CPU
	EndGlobalSection
	GlobalSection(SolutionProperties) = preSolution
		HideSolutionNode = FALSE
	EndGlobalSection
	GlobalSection(ExtensibilityGlobals) = postSolution
		SolutionGuid = {57C97BFC-5B3A-4FF3-B1CE-E09F335D3F0C}
	EndGlobalSection
EndGlobal
